// !$*UTF8*$!
{
	archiveVersion = 1;
	classes = {
	};
	objectVersion = 46;
	objects = {

/* Begin PBXBuildFile section */
		223286C31E469C7600425446 /* AppDelegate.swift in Sources */ = {isa = PBXBuildFile; fileRef = 223286C21E469C7600425446 /* AppDelegate.swift */; };
		223286C81E469C7600425446 /* Main.storyboard in Resources */ = {isa = PBXBuildFile; fileRef = 223286C61E469C7600425446 /* Main.storyboard */; };
		223286CA1E469C7600425446 /* Assets.xcassets in Resources */ = {isa = PBXBuildFile; fileRef = 223286C91E469C7600425446 /* Assets.xcassets */; };
		223286CD1E469C7600425446 /* LaunchScreen.storyboard in Resources */ = {isa = PBXBuildFile; fileRef = 223286CB1E469C7600425446 /* LaunchScreen.storyboard */; };
		223286DB1E46AC1D00425446 /* BookInfoTableViewCell.swift in Sources */ = {isa = PBXBuildFile; fileRef = 223286DA1E46AC1D00425446 /* BookInfoTableViewCell.swift */; };
		223286DD1E46AC6900425446 /* DiscoverViewController.swift in Sources */ = {isa = PBXBuildFile; fileRef = 223286DC1E46AC6900425446 /* DiscoverViewController.swift */; };
		223286DF1E46ADBD00425446 /* Book.swift in Sources */ = {isa = PBXBuildFile; fileRef = 223286DE1E46ADBD00425446 /* Book.swift */; };
		223286E11E46B6AF00425446 /* Constants.swift in Sources */ = {isa = PBXBuildFile; fileRef = 223286E01E46B6AF00425446 /* Constants.swift */; };
		223286E41E46B91F00425446 /* Debug.swift in Sources */ = {isa = PBXBuildFile; fileRef = 223286E31E46B91F00425446 /* Debug.swift */; };
		22FF5DE11E47F353008CF29D /* DiscoveryGrid.storyboard in Resources */ = {isa = PBXBuildFile; fileRef = 22FF5DE01E47F353008CF29D /* DiscoveryGrid.storyboard */; };
		22FF5DE31E47F46D008CF29D /* DiscoveryGridViewControllerCollectionViewController.swift in Sources */ = {isa = PBXBuildFile; fileRef = 22FF5DE21E47F46D008CF29D /* DiscoveryGridViewControllerCollectionViewController.swift */; };
		22FF5DE71E47F82A008CF29D /* DiscoverCollectionViewCell.swift in Sources */ = {isa = PBXBuildFile; fileRef = 22FF5DE61E47F82A008CF29D /* DiscoverCollectionViewCell.swift */; };
		22FF5DE91E47FE5D008CF29D /* WelcomeViewController.swift in Sources */ = {isa = PBXBuildFile; fileRef = 22FF5DE81E47FE5D008CF29D /* WelcomeViewController.swift */; };
		22FF5DEB1E48010D008CF29D /* BookList.storyboard in Resources */ = {isa = PBXBuildFile; fileRef = 22FF5DEA1E48010D008CF29D /* BookList.storyboard */; };
/* End PBXBuildFile section */

/* Begin PBXFileReference section */
		223286BF1E469C7600425446 /* Booklet.app */ = {isa = PBXFileReference; explicitFileType = wrapper.application; includeInIndex = 0; path = Booklet.app; sourceTree = BUILT_PRODUCTS_DIR; };
		223286C21E469C7600425446 /* AppDelegate.swift */ = {isa = PBXFileReference; lastKnownFileType = sourcecode.swift; path = AppDelegate.swift; sourceTree = "<group>"; };
		223286C71E469C7600425446 /* Base */ = {isa = PBXFileReference; lastKnownFileType = file.storyboard; name = Base; path = Base.lproj/Main.storyboard; sourceTree = "<group>"; };
		223286C91E469C7600425446 /* Assets.xcassets */ = {isa = PBXFileReference; lastKnownFileType = folder.assetcatalog; path = Assets.xcassets; sourceTree = "<group>"; };
		223286CC1E469C7600425446 /* Base */ = {isa = PBXFileReference; lastKnownFileType = file.storyboard; name = Base; path = Base.lproj/LaunchScreen.storyboard; sourceTree = "<group>"; };
		223286CE1E469C7600425446 /* Info.plist */ = {isa = PBXFileReference; lastKnownFileType = text.plist.xml; path = Info.plist; sourceTree = "<group>"; };
		223286DA1E46AC1D00425446 /* BookInfoTableViewCell.swift */ = {isa = PBXFileReference; fileEncoding = 4; lastKnownFileType = sourcecode.swift; path = BookInfoTableViewCell.swift; sourceTree = "<group>"; };
		223286DC1E46AC6900425446 /* DiscoverViewController.swift */ = {isa = PBXFileReference; fileEncoding = 4; lastKnownFileType = sourcecode.swift; path = DiscoverViewController.swift; sourceTree = "<group>"; };
		223286DE1E46ADBD00425446 /* Book.swift */ = {isa = PBXFileReference; fileEncoding = 4; lastKnownFileType = sourcecode.swift; path = Book.swift; sourceTree = "<group>"; };
		223286E01E46B6AF00425446 /* Constants.swift */ = {isa = PBXFileReference; fileEncoding = 4; lastKnownFileType = sourcecode.swift; path = Constants.swift; sourceTree = "<group>"; };
		223286E31E46B91F00425446 /* Debug.swift */ = {isa = PBXFileReference; fileEncoding = 4; lastKnownFileType = sourcecode.swift; path = Debug.swift; sourceTree = "<group>"; };
		22FF5DE01E47F353008CF29D /* DiscoveryGrid.storyboard */ = {isa = PBXFileReference; fileEncoding = 4; lastKnownFileType = file.storyboard; path = DiscoveryGrid.storyboard; sourceTree = "<group>"; };
		22FF5DE21E47F46D008CF29D /* DiscoveryGridViewControllerCollectionViewController.swift */ = {isa = PBXFileReference; fileEncoding = 4; lastKnownFileType = sourcecode.swift; path = DiscoveryGridViewControllerCollectionViewController.swift; sourceTree = "<group>"; };
		22FF5DE61E47F82A008CF29D /* DiscoverCollectionViewCell.swift */ = {isa = PBXFileReference; fileEncoding = 4; lastKnownFileType = sourcecode.swift; path = DiscoverCollectionViewCell.swift; sourceTree = "<group>"; };
		22FF5DE81E47FE5D008CF29D /* WelcomeViewController.swift */ = {isa = PBXFileReference; fileEncoding = 4; lastKnownFileType = sourcecode.swift; path = WelcomeViewController.swift; sourceTree = "<group>"; };
		22FF5DEA1E48010D008CF29D /* BookList.storyboard */ = {isa = PBXFileReference; fileEncoding = 4; lastKnownFileType = file.storyboard; path = BookList.storyboard; sourceTree = "<group>"; };
/* End PBXFileReference section */

/* Begin PBXFrameworksBuildPhase section */
		223286BC1E469C7600425446 /* Frameworks */ = {
			isa = PBXFrameworksBuildPhase;
			buildActionMask = 2147483647;
			files = (
			);
			runOnlyForDeploymentPostprocessing = 0;
		};
/* End PBXFrameworksBuildPhase section */

/* Begin PBXGroup section */
		223286B61E469C7600425446 = {
			isa = PBXGroup;
			children = (
				223286C11E469C7600425446 /* Booklet */,
				223286C01E469C7600425446 /* Products */,
			);
			sourceTree = "<group>";
		};
		223286C01E469C7600425446 /* Products */ = {
			isa = PBXGroup;
			children = (
				223286BF1E469C7600425446 /* Booklet.app */,
			);
			name = Products;
			sourceTree = "<group>";
		};
		223286C11E469C7600425446 /* Booklet */ = {
			isa = PBXGroup;
			children = (
				223286D51E46A4E600425446 /* model */,
				223286D41E46A4D400425446 /* support */,
				223286E21E46B90A00425446 /* view */,
				223286E01E46B6AF00425446 /* Constants.swift */,
				223286E31E46B91F00425446 /* Debug.swift */,
			);
			path = Booklet;
			sourceTree = "<group>";
		};
		223286D41E46A4D400425446 /* support */ = {
			isa = PBXGroup;
			children = (
				223286C21E469C7600425446 /* AppDelegate.swift */,
				223286C91E469C7600425446 /* Assets.xcassets */,
				223286CB1E469C7600425446 /* LaunchScreen.storyboard */,
				223286CE1E469C7600425446 /* Info.plist */,
			);
			name = support;
			sourceTree = "<group>";
		};
		223286D51E46A4E600425446 /* model */ = {
			isa = PBXGroup;
			children = (
				223286DE1E46ADBD00425446 /* Book.swift */,
			);
			name = model;
			sourceTree = "<group>";
		};
		223286E21E46B90A00425446 /* view */ = {
			isa = PBXGroup;
			children = (
				22FF5DEC1E482127008CF29D /* welcome */,
				22FF5DE41E47F7CA008CF29D /* bookInfoList */,
				22FF5DE51E47F7D9008CF29D /* discoverGrid */,
			);
			name = view;
			sourceTree = "<group>";
		};
		22FF5DE41E47F7CA008CF29D /* bookInfoList */ = {
			isa = PBXGroup;
			children = (
				223286DC1E46AC6900425446 /* DiscoverViewController.swift */,
				223286DA1E46AC1D00425446 /* BookInfoTableViewCell.swift */,
				22FF5DEA1E48010D008CF29D /* BookList.storyboard */,
			);
			name = bookInfoList;
			sourceTree = "<group>";
		};
		22FF5DE51E47F7D9008CF29D /* discoverGrid */ = {
			isa = PBXGroup;
			children = (
				22FF5DE01E47F353008CF29D /* DiscoveryGrid.storyboard */,
				22FF5DE21E47F46D008CF29D /* DiscoveryGridViewControllerCollectionViewController.swift */,
				22FF5DE61E47F82A008CF29D /* DiscoverCollectionViewCell.swift */,
			);
			name = discoverGrid;
			sourceTree = "<group>";
		};
		22FF5DEC1E482127008CF29D /* welcome */ = {
			isa = PBXGroup;
			children = (
				223286C61E469C7600425446 /* Main.storyboard */,
				22FF5DE81E47FE5D008CF29D /* WelcomeViewController.swift */,
			);
			name = welcome;
			sourceTree = "<group>";
		};
/* End PBXGroup section */

/* Begin PBXNativeTarget section */
		223286BE1E469C7600425446 /* Booklet */ = {
			isa = PBXNativeTarget;
			buildConfigurationList = 223286D11E469C7600425446 /* Build configuration list for PBXNativeTarget "Booklet" */;
			buildPhases = (
				223286BB1E469C7600425446 /* Sources */,
				223286BC1E469C7600425446 /* Frameworks */,
				223286BD1E469C7600425446 /* Resources */,
			);
			buildRules = (
			);
			dependencies = (
			);
			name = Booklet;
			productName = Booklet;
			productReference = 223286BF1E469C7600425446 /* Booklet.app */;
			productType = "com.apple.product-type.application";
		};
/* End PBXNativeTarget section */

/* Begin PBXProject section */
		223286B71E469C7600425446 /* Project object */ = {
			isa = PBXProject;
			attributes = {
				LastSwiftUpdateCheck = 0820;
				LastUpgradeCheck = 0820;
				ORGANIZATIONNAME = "Chen Cen";
				TargetAttributes = {
					223286BE1E469C7600425446 = {
						CreatedOnToolsVersion = 8.2;
						DevelopmentTeam = 8KU5XM4LZ6;
						ProvisioningStyle = Automatic;
					};
				};
			};
			buildConfigurationList = 223286BA1E469C7600425446 /* Build configuration list for PBXProject "Booklet" */;
			compatibilityVersion = "Xcode 3.2";
			developmentRegion = English;
			hasScannedForEncodings = 0;
			knownRegions = (
				en,
				Base,
			);
			mainGroup = 223286B61E469C7600425446;
			productRefGroup = 223286C01E469C7600425446 /* Products */;
			projectDirPath = "";
			projectRoot = "";
			targets = (
				223286BE1E469C7600425446 /* Booklet */,
			);
		};
/* End PBXProject section */

/* Begin PBXResourcesBuildPhase section */
		223286BD1E469C7600425446 /* Resources */ = {
			isa = PBXResourcesBuildPhase;
			buildActionMask = 2147483647;
			files = (
				22FF5DEB1E48010D008CF29D /* BookList.storyboard in Resources */,
				223286CD1E469C7600425446 /* LaunchScreen.storyboard in Resources */,
				22FF5DE11E47F353008CF29D /* DiscoveryGrid.storyboard in Resources */,
				223286CA1E469C7600425446 /* Assets.xcassets in Resources */,
				223286C81E469C7600425446 /* Main.storyboard in Resources */,
			);
			runOnlyForDeploymentPostprocessing = 0;
		};
/* End PBXResourcesBuildPhase section */

/* Begin PBXSourcesBuildPhase section */
		223286BB1E469C7600425446 /* Sources */ = {
			isa = PBXSourcesBuildPhase;
			buildActionMask = 2147483647;
			files = (
				22FF5DE91E47FE5D008CF29D /* WelcomeViewController.swift in Sources */,
				223286E11E46B6AF00425446 /* Constants.swift in Sources */,
				223286E41E46B91F00425446 /* Debug.swift in Sources */,
				22FF5DE71E47F82A008CF29D /* DiscoverCollectionViewCell.swift in Sources */,
				223286DF1E46ADBD00425446 /* Book.swift in Sources */,
				22FF5DE31E47F46D008CF29D /* DiscoveryGridViewControllerCollectionViewController.swift in Sources */,
				223286DD1E46AC6900425446 /* DiscoverViewController.swift in Sources */,
				223286C31E469C7600425446 /* AppDelegate.swift in Sources */,
				223286DB1E46AC1D00425446 /* BookInfoTableViewCell.swift in Sources */,
			);
			runOnlyForDeploymentPostprocessing = 0;
		};
/* End PBXSourcesBuildPhase section */

/* Begin PBXVariantGroup section */
		223286C61E469C7600425446 /* Main.storyboard */ = {
			isa = PBXVariantGroup;
			children = (
				223286C71E469C7600425446 /* Base */,
			);
			name = Main.storyboard;
			sourceTree = "<group>";
		};
		223286CB1E469C7600425446 /* LaunchScreen.storyboard */ = {
			isa = PBXVariantGroup;
			children = (
				223286CC1E469C7600425446 /* Base */,
			);
			name = LaunchScreen.storyboard;
			sourceTree = "<group>";
		};
/* End PBXVariantGroup section */

/* Begin XCBuildConfiguration section */
		223286CF1E469C7600425446 /* Debug */ = {
			isa = XCBuildConfiguration;
			buildSettings = {
				ALWAYS_SEARCH_USER_PATHS = NO;
				CLANG_ANALYZER_NONNULL = YES;
				CLANG_CXX_LANGUAGE_STANDARD = "gnu++0x";
				CLANG_CXX_LIBRARY = "libc++";
				CLANG_ENABLE_MODULES = YES;
				CLANG_ENABLE_OBJC_ARC = YES;
				CLANG_WARN_BOOL_CONVERSION = YES;
				CLANG_WARN_CONSTANT_CONVERSION = YES;
				CLANG_WARN_DIRECT_OBJC_ISA_USAGE = YES_ERROR;
				CLANG_WARN_DOCUMENTATION_COMMENTS = YES;
				CLANG_WARN_EMPTY_BODY = YES;
				CLANG_WARN_ENUM_CONVERSION = YES;
				CLANG_WARN_INFINITE_RECURSION = YES;
				CLANG_WARN_INT_CONVERSION = YES;
				CLANG_WARN_OBJC_ROOT_CLASS = YES_ERROR;
				CLANG_WARN_SUSPICIOUS_MOVE = YES;
				CLANG_WARN_UNREACHABLE_CODE = YES;
				CLANG_WARN__DUPLICATE_METHOD_MATCH = YES;
				"CODE_SIGN_IDENTITY[sdk=iphoneos*]" = "iPhone Developer";
				COPY_PHASE_STRIP = NO;
				DEBUG_INFORMATION_FORMAT = dwarf;
				ENABLE_STRICT_OBJC_MSGSEND = YES;
				ENABLE_TESTABILITY = YES;
				GCC_C_LANGUAGE_STANDARD = gnu99;
				GCC_DYNAMIC_NO_PIC = NO;
				GCC_NO_COMMON_BLOCKS = YES;
				GCC_OPTIMIZATION_LEVEL = 0;
				GCC_PREPROCESSOR_DEFINITIONS = (
					"DEBUG=1",
					"$(inherited)",
				);
				GCC_WARN_64_TO_32_BIT_CONVERSION = YES;
				GCC_WARN_ABOUT_RETURN_TYPE = YES_ERROR;
				GCC_WARN_UNDECLARED_SELECTOR = YES;
				GCC_WARN_UNINITIALIZED_AUTOS = YES_AGGRESSIVE;
				GCC_WARN_UNUSED_FUNCTION = YES;
				GCC_WARN_UNUSED_VARIABLE = YES;
				IPHONEOS_DEPLOYMENT_TARGET = 10.2;
				MTL_ENABLE_DEBUG_INFO = YES;
				ONLY_ACTIVE_ARCH = YES;
				SDKROOT = iphoneos;
				SWIFT_ACTIVE_COMPILATION_CONDITIONS = DEBUG;
				SWIFT_OPTIMIZATION_LEVEL = "-Onone";
				TARGETED_DEVICE_FAMILY = "1,2";
			};
			name = Debug;
		};
		223286D01E469C7600425446 /* Release */ = {
			isa = XCBuildConfiguration;
			buildSettings = {
				ALWAYS_SEARCH_USER_PATHS = NO;
				CLANG_ANALYZER_NONNULL = YES;
				CLANG_CXX_LANGUAGE_STANDARD = "gnu++0x";
				CLANG_CXX_LIBRARY = "libc++";
				CLANG_ENABLE_MODULES = YES;
				CLANG_ENABLE_OBJC_ARC = YES;
				CLANG_WARN_BOOL_CONVERSION = YES;
				CLANG_WARN_CONSTANT_CONVERSION = YES;
				CLANG_WARN_DIRECT_OBJC_ISA_USAGE = YES_ERROR;
				CLANG_WARN_DOCUMENTATION_COMMENTS = YES;
				CLANG_WARN_EMPTY_BODY = YES;
				CLANG_WARN_ENUM_CONVERSION = YES;
				CLANG_WARN_INFINITE_RECURSION = YES;
				CLANG_WARN_INT_CONVERSION = YES;
				CLANG_WARN_OBJC_ROOT_CLASS = YES_ERROR;
				CLANG_WARN_SUSPICIOUS_MOVE = YES;
				CLANG_WARN_UNREACHABLE_CODE = YES;
				CLANG_WARN__DUPLICATE_METHOD_MATCH = YES;
				"CODE_SIGN_IDENTITY[sdk=iphoneos*]" = "iPhone Developer";
				COPY_PHASE_STRIP = NO;
				DEBUG_INFORMATION_FORMAT = "dwarf-with-dsym";
				ENABLE_NS_ASSERTIONS = NO;
				ENABLE_STRICT_OBJC_MSGSEND = YES;
				GCC_C_LANGUAGE_STANDARD = gnu99;
				GCC_NO_COMMON_BLOCKS = YES;
				GCC_WARN_64_TO_32_BIT_CONVERSION = YES;
				GCC_WARN_ABOUT_RETURN_TYPE = YES_ERROR;
				GCC_WARN_UNDECLARED_SELECTOR = YES;
				GCC_WARN_UNINITIALIZED_AUTOS = YES_AGGRESSIVE;
				GCC_WARN_UNUSED_FUNCTION = YES;
				GCC_WARN_UNUSED_VARIABLE = YES;
				IPHONEOS_DEPLOYMENT_TARGET = 10.2;
				MTL_ENABLE_DEBUG_INFO = NO;
				SDKROOT = iphoneos;
				SWIFT_OPTIMIZATION_LEVEL = "-Owholemodule";
				TARGETED_DEVICE_FAMILY = "1,2";
				VALIDATE_PRODUCT = YES;
			};
			name = Release;
		};
		223286D21E469C7600425446 /* Debug */ = {
			isa = XCBuildConfiguration;
			buildSettings = {
				ASSETCATALOG_COMPILER_APPICON_NAME = AppIcon;
				DEVELOPMENT_TEAM = 8KU5XM4LZ6;
				INFOPLIST_FILE = Booklet/Info.plist;
				LD_RUNPATH_SEARCH_PATHS = "$(inherited) @executable_path/Frameworks";
				PRODUCT_BUNDLE_IDENTIFIER = com.ml.gb.toy.Booklet;
				PRODUCT_NAME = "$(TARGET_NAME)";
				SWIFT_VERSION = 3.0;
			};
			name = Debug;
		};
		223286D31E469C7600425446 /* Release */ = {
			isa = XCBuildConfiguration;
			buildSettings = {
				ASSETCATALOG_COMPILER_APPICON_NAME = AppIcon;
				DEVELOPMENT_TEAM = 8KU5XM4LZ6;
				INFOPLIST_FILE = Booklet/Info.plist;
				LD_RUNPATH_SEARCH_PATHS = "$(inherited) @executable_path/Frameworks";
				PRODUCT_BUNDLE_IDENTIFIER = com.ml.gb.toy.Booklet;
				PRODUCT_NAME = "$(TARGET_NAME)";
				SWIFT_VERSION = 3.0;
			};
			name = Release;
		};
/* End XCBuildConfiguration section */

/* Begin XCConfigurationList section */
		223286BA1E469C7600425446 /* Build configuration list for PBXProject "Booklet" */ = {
			isa = XCConfigurationList;
			buildConfigurations = (
				223286CF1E469C7600425446 /* Debug */,
				223286D01E469C7600425446 /* Release */,
			);
			defaultConfigurationIsVisible = 0;
			defaultConfigurationName = Release;
		};
		223286D11E469C7600425446 /* Build configuration list for PBXNativeTarget "Booklet" */ = {
			isa = XCConfigurationList;
			buildConfigurations = (
				223286D21E469C7600425446 /* Debug */,
				223286D31E469C7600425446 /* Release */,
			);
			defaultConfigurationIsVisible = 0;
			defaultConfigurationName = Release;
		};
/* End XCConfigurationList section */
	};
	rootObject = 223286B71E469C7600425446 /* Project object */;
}
